// !$*UTF8*$!
{
	archiveVersion = 1;
	classes = {
	};
	objectVersion = 50;
	objects = {

/* Begin PBXBuildFile section */
		A98B58FB2119A9B500494A0F /* ARProjectsRoadMap7thAugTests.swift in Sources */ = {isa = PBXBuildFile; fileRef = A98B58FA2119A9B500494A0F /* ARProjectsRoadMap7thAugTests.swift */; };
		F1EAC4B625DB472F00EF1529 /* bgimg.jpg in Resources */ = {isa = PBXBuildFile; fileRef = F1EAC4AB25DB472F00EF1529 /* bgimg.jpg */; };
		F1EAC4B725DB472F00EF1529 /* Assets.xcassets in Resources */ = {isa = PBXBuildFile; fileRef = F1EAC4AC25DB472F00EF1529 /* Assets.xcassets */; };
		F1EAC4B825DB472F00EF1529 /* img.jpg in Resources */ = {isa = PBXBuildFile; fileRef = F1EAC4AD25DB472F00EF1529 /* img.jpg */; };
		F1EAC4B925DB472F00EF1529 /* art.scnassets in Resources */ = {isa = PBXBuildFile; fileRef = F1EAC4AE25DB472F00EF1529 /* art.scnassets */; };
		F1EAC4BA25DB472F00EF1529 /* LaunchScreen.storyboard in Resources */ = {isa = PBXBuildFile; fileRef = F1EAC4B025DB472F00EF1529 /* LaunchScreen.storyboard */; };
		F1EAC4BB25DB472F00EF1529 /* Main.storyboard in Resources */ = {isa = PBXBuildFile; fileRef = F1EAC4B225DB472F00EF1529 /* Main.storyboard */; };
		F1EAC4BC25DB472F00EF1529 /* Info.plist in Resources */ = {isa = PBXBuildFile; fileRef = F1EAC4B525DB472F00EF1529 /* Info.plist */; };
		F1EAC4C425DB473300EF1529 /* ImagePickerCollectionViewCell.swift in Sources */ = {isa = PBXBuildFile; fileRef = F1EAC4BF25DB473300EF1529 /* ImagePickerCollectionViewCell.swift */; };
		F1EAC4C525DB473300EF1529 /* AppDelegate.swift in Sources */ = {isa = PBXBuildFile; fileRef = F1EAC4C025DB473300EF1529 /* AppDelegate.swift */; };
		F1EAC4C625DB473300EF1529 /* ViewController.swift in Sources */ = {isa = PBXBuildFile; fileRef = F1EAC4C225DB473300EF1529 /* ViewController.swift */; };
		F1EAC4C725DB473300EF1529 /* PickImagesForARViewController.swift in Sources */ = {isa = PBXBuildFile; fileRef = F1EAC4C325DB473300EF1529 /* PickImagesForARViewController.swift */; };
/* End PBXBuildFile section */

/* Begin PBXContainerItemProxy section */
		A98B58F72119A9B500494A0F /* PBXContainerItemProxy */ = {
			isa = PBXContainerItemProxy;
			containerPortal = A98B58D82119A9B300494A0F /* Project object */;
			proxyType = 1;
			remoteGlobalIDString = A98B58DF2119A9B300494A0F;
			remoteInfo = ARProjectsRoadMap7thAug;
		};
/* End PBXContainerItemProxy section */

/* Begin PBXFileReference section */
		A98B58E02119A9B300494A0F /* ShowOffAndPresent.app */ = {isa = PBXFileReference; explicitFileType = wrapper.application; includeInIndex = 0; path = ShowOffAndPresent.app; sourceTree = BUILT_PRODUCTS_DIR; };
		A98B58F62119A9B500494A0F /* ShowOffAndPresentTests.xctest */ = {isa = PBXFileReference; explicitFileType = wrapper.cfbundle; includeInIndex = 0; path = ShowOffAndPresentTests.xctest; sourceTree = BUILT_PRODUCTS_DIR; };
		A98B58FA2119A9B500494A0F /* ARProjectsRoadMap7thAugTests.swift */ = {isa = PBXFileReference; lastKnownFileType = sourcecode.swift; path = ARProjectsRoadMap7thAugTests.swift; sourceTree = "<group>"; };
		A98B58FC2119A9B500494A0F /* Info.plist */ = {isa = PBXFileReference; lastKnownFileType = text.plist.xml; path = Info.plist; sourceTree = "<group>"; };
		F1EAC4AB25DB472F00EF1529 /* bgimg.jpg */ = {isa = PBXFileReference; lastKnownFileType = image.jpeg; path = bgimg.jpg; sourceTree = "<group>"; };
		F1EAC4AC25DB472F00EF1529 /* Assets.xcassets */ = {isa = PBXFileReference; lastKnownFileType = folder.assetcatalog; path = Assets.xcassets; sourceTree = "<group>"; };
		F1EAC4AD25DB472F00EF1529 /* img.jpg */ = {isa = PBXFileReference; lastKnownFileType = image.jpeg; path = img.jpg; sourceTree = "<group>"; };
		F1EAC4AE25DB472F00EF1529 /* art.scnassets */ = {isa = PBXFileReference; lastKnownFileType = wrapper.scnassets; path = art.scnassets; sourceTree = "<group>"; };
		F1EAC4B125DB472F00EF1529 /* Base */ = {isa = PBXFileReference; lastKnownFileType = file.storyboard; name = Base; path = Base.lproj/LaunchScreen.storyboard; sourceTree = "<group>"; };
		F1EAC4B325DB472F00EF1529 /* Base */ = {isa = PBXFileReference; lastKnownFileType = file.storyboard; name = Base; path = Base.lproj/Main.storyboard; sourceTree = "<group>"; };
		F1EAC4B525DB472F00EF1529 /* Info.plist */ = {isa = PBXFileReference; fileEncoding = 4; lastKnownFileType = text.plist.xml; path = Info.plist; sourceTree = "<group>"; };
		F1EAC4BF25DB473300EF1529 /* ImagePickerCollectionViewCell.swift */ = {isa = PBXFileReference; fileEncoding = 4; lastKnownFileType = sourcecode.swift; path = ImagePickerCollectionViewCell.swift; sourceTree = "<group>"; };
		F1EAC4C025DB473300EF1529 /* AppDelegate.swift */ = {isa = PBXFileReference; fileEncoding = 4; lastKnownFileType = sourcecode.swift; path = AppDelegate.swift; sourceTree = "<group>"; };
		F1EAC4C225DB473300EF1529 /* ViewController.swift */ = {isa = PBXFileReference; fileEncoding = 4; lastKnownFileType = sourcecode.swift; path = ViewController.swift; sourceTree = "<group>"; };
		F1EAC4C325DB473300EF1529 /* PickImagesForARViewController.swift */ = {isa = PBXFileReference; fileEncoding = 4; lastKnownFileType = sourcecode.swift; path = PickImagesForARViewController.swift; sourceTree = "<group>"; };
/* End PBXFileReference section */

/* Begin PBXFrameworksBuildPhase section */
		A98B58DD2119A9B300494A0F /* Frameworks */ = {
			isa = PBXFrameworksBuildPhase;
			buildActionMask = 2147483647;
			files = (
			);
			runOnlyForDeploymentPostprocessing = 0;
		};
		A98B58F32119A9B500494A0F /* Frameworks */ = {
			isa = PBXFrameworksBuildPhase;
			buildActionMask = 2147483647;
			files = (
			);
			runOnlyForDeploymentPostprocessing = 0;
		};
/* End PBXFrameworksBuildPhase section */

/* Begin PBXGroup section */
		A98B58D72119A9B300494A0F = {
			isa = PBXGroup;
			children = (
				A98B58E22119A9B300494A0F /* ShowOffAndPresent */,
				A98B58F92119A9B500494A0F /* ShowOffAndPresentTests */,
				A98B58E12119A9B300494A0F /* Products */,
			);
			sourceTree = "<group>";
		};
		A98B58E12119A9B300494A0F /* Products */ = {
			isa = PBXGroup;
			children = (
				A98B58E02119A9B300494A0F /* ShowOffAndPresent.app */,
				A98B58F62119A9B500494A0F /* ShowOffAndPresentTests.xctest */,
			);
			name = Products;
			sourceTree = "<group>";
		};
		A98B58E22119A9B300494A0F /* ShowOffAndPresent */ = {
			isa = PBXGroup;
			children = (
				F1EAC4BD25DB473300EF1529 /* Sources */,
				F1EAC4A925DB472F00EF1529 /* Resources */,
			);
			path = ShowOffAndPresent;
			sourceTree = "<group>";
		};
		A98B58F92119A9B500494A0F /* ShowOffAndPresentTests */ = {
			isa = PBXGroup;
			children = (
				A98B58FA2119A9B500494A0F /* ARProjectsRoadMap7thAugTests.swift */,
				A98B58FC2119A9B500494A0F /* Info.plist */,
			);
			path = ShowOffAndPresentTests;
			sourceTree = "<group>";
		};
		F1EAC4A925DB472F00EF1529 /* Resources */ = {
			isa = PBXGroup;
			children = (
				F1EAC4AA25DB472F00EF1529 /* Assests */,
				F1EAC4AF25DB472F00EF1529 /* Interfaces-Views */,
				F1EAC4B425DB472F00EF1529 /* SupportingFiles */,
			);
			path = Resources;
			sourceTree = "<group>";
		};
		F1EAC4AA25DB472F00EF1529 /* Assests */ = {
			isa = PBXGroup;
			children = (
				F1EAC4AB25DB472F00EF1529 /* bgimg.jpg */,
				F1EAC4AC25DB472F00EF1529 /* Assets.xcassets */,
				F1EAC4AD25DB472F00EF1529 /* img.jpg */,
				F1EAC4AE25DB472F00EF1529 /* art.scnassets */,
			);
			path = Assests;
			sourceTree = "<group>";
		};
		F1EAC4AF25DB472F00EF1529 /* Interfaces-Views */ = {
			isa = PBXGroup;
			children = (
				F1EAC4B025DB472F00EF1529 /* LaunchScreen.storyboard */,
				F1EAC4B225DB472F00EF1529 /* Main.storyboard */,
			);
			path = "Interfaces-Views";
			sourceTree = "<group>";
		};
		F1EAC4B425DB472F00EF1529 /* SupportingFiles */ = {
			isa = PBXGroup;
			children = (
				F1EAC4B525DB472F00EF1529 /* Info.plist */,
			);
			path = SupportingFiles;
			sourceTree = "<group>";
		};
		F1EAC4BD25DB473300EF1529 /* Sources */ = {
			isa = PBXGroup;
			children = (
				F1EAC4BE25DB473300EF1529 /* Cells */,
				F1EAC4C025DB473300EF1529 /* AppDelegate.swift */,
				F1EAC4C125DB473300EF1529 /* Controllers */,
			);
			path = Sources;
			sourceTree = "<group>";
		};
		F1EAC4BE25DB473300EF1529 /* Cells */ = {
			isa = PBXGroup;
			children = (
				F1EAC4BF25DB473300EF1529 /* ImagePickerCollectionViewCell.swift */,
			);
			path = Cells;
			sourceTree = "<group>";
		};
		F1EAC4C125DB473300EF1529 /* Controllers */ = {
			isa = PBXGroup;
			children = (
				F1EAC4C225DB473300EF1529 /* ViewController.swift */,
				F1EAC4C325DB473300EF1529 /* PickImagesForARViewController.swift */,
			);
			path = Controllers;
			sourceTree = "<group>";
		};
/* End PBXGroup section */

/* Begin PBXNativeTarget section */
		A98B58DF2119A9B300494A0F /* ShowOffAndPresent */ = {
			isa = PBXNativeTarget;
			buildConfigurationList = A98B58FF2119A9B500494A0F /* Build configuration list for PBXNativeTarget "ShowOffAndPresent" */;
			buildPhases = (
				A98B58DC2119A9B300494A0F /* Sources */,
				A98B58DD2119A9B300494A0F /* Frameworks */,
				A98B58DE2119A9B300494A0F /* Resources */,
			);
			buildRules = (
			);
			dependencies = (
			);
			name = ShowOffAndPresent;
			productName = ARProjectsRoadMap7thAug;
			productReference = A98B58E02119A9B300494A0F /* ShowOffAndPresent.app */;
			productType = "com.apple.product-type.application";
		};
		A98B58F52119A9B500494A0F /* ShowOffAndPresentTests */ = {
			isa = PBXNativeTarget;
			buildConfigurationList = A98B59022119A9B500494A0F /* Build configuration list for PBXNativeTarget "ShowOffAndPresentTests" */;
			buildPhases = (
				A98B58F22119A9B500494A0F /* Sources */,
				A98B58F32119A9B500494A0F /* Frameworks */,
				A98B58F42119A9B500494A0F /* Resources */,
			);
			buildRules = (
			);
			dependencies = (
				A98B58F82119A9B500494A0F /* PBXTargetDependency */,
			);
			name = ShowOffAndPresentTests;
			productName = ARProjectsRoadMap7thAugTests;
			productReference = A98B58F62119A9B500494A0F /* ShowOffAndPresentTests.xctest */;
			productType = "com.apple.product-type.bundle.unit-test";
		};
/* End PBXNativeTarget section */

/* Begin PBXProject section */
		A98B58D82119A9B300494A0F /* Project object */ = {
			isa = PBXProject;
			attributes = {
				LastSwiftUpdateCheck = 1000;
				LastUpgradeCheck = 1000;
				ORGANIZATIONNAME = RNTBCI;
				TargetAttributes = {
					A98B58DF2119A9B300494A0F = {
						CreatedOnToolsVersion = 10.0;
						LastSwiftMigration = 1020;
					};
					A98B58F52119A9B500494A0F = {
						CreatedOnToolsVersion = 10.0;
						LastSwiftMigration = 1020;
						TestTargetID = A98B58DF2119A9B300494A0F;
					};
				};
			};
			buildConfigurationList = A98B58DB2119A9B300494A0F /* Build configuration list for PBXProject "ShowOffAndPresent" */;
			compatibilityVersion = "Xcode 9.3";
			developmentRegion = en;
			hasScannedForEncodings = 0;
			knownRegions = (
				en,
				Base,
			);
			mainGroup = A98B58D72119A9B300494A0F;
			productRefGroup = A98B58E12119A9B300494A0F /* Products */;
			projectDirPath = "";
			projectRoot = "";
			targets = (
				A98B58DF2119A9B300494A0F /* ShowOffAndPresent */,
				A98B58F52119A9B500494A0F /* ShowOffAndPresentTests */,
			);
		};
/* End PBXProject section */

/* Begin PBXResourcesBuildPhase section */
		A98B58DE2119A9B300494A0F /* Resources */ = {
			isa = PBXResourcesBuildPhase;
			buildActionMask = 2147483647;
			files = (
				F1EAC4B825DB472F00EF1529 /* img.jpg in Resources */,
				F1EAC4B925DB472F00EF1529 /* art.scnassets in Resources */,
				F1EAC4B725DB472F00EF1529 /* Assets.xcassets in Resources */,
				F1EAC4BB25DB472F00EF1529 /* Main.storyboard in Resources */,
				F1EAC4BA25DB472F00EF1529 /* LaunchScreen.storyboard in Resources */,
				F1EAC4B625DB472F00EF1529 /* bgimg.jpg in Resources */,
				F1EAC4BC25DB472F00EF1529 /* Info.plist in Resources */,
			);
			runOnlyForDeploymentPostprocessing = 0;
		};
		A98B58F42119A9B500494A0F /* Resources */ = {
			isa = PBXResourcesBuildPhase;
			buildActionMask = 2147483647;
			files = (
			);
			runOnlyForDeploymentPostprocessing = 0;
		};
/* End PBXResourcesBuildPhase section */

/* Begin PBXSourcesBuildPhase section */
		A98B58DC2119A9B300494A0F /* Sources */ = {
			isa = PBXSourcesBuildPhase;
			buildActionMask = 2147483647;
			files = (
				F1EAC4C725DB473300EF1529 /* PickImagesForARViewController.swift in Sources */,
				F1EAC4C625DB473300EF1529 /* ViewController.swift in Sources */,
				F1EAC4C525DB473300EF1529 /* AppDelegate.swift in Sources */,
				F1EAC4C425DB473300EF1529 /* ImagePickerCollectionViewCell.swift in Sources */,
			);
			runOnlyForDeploymentPostprocessing = 0;
		};
		A98B58F22119A9B500494A0F /* Sources */ = {
			isa = PBXSourcesBuildPhase;
			buildActionMask = 2147483647;
			files = (
				A98B58FB2119A9B500494A0F /* ARProjectsRoadMap7thAugTests.swift in Sources */,
			);
			runOnlyForDeploymentPostprocessing = 0;
		};
/* End PBXSourcesBuildPhase section */

/* Begin PBXTargetDependency section */
		A98B58F82119A9B500494A0F /* PBXTargetDependency */ = {
			isa = PBXTargetDependency;
			target = A98B58DF2119A9B300494A0F /* ShowOffAndPresent */;
			targetProxy = A98B58F72119A9B500494A0F /* PBXContainerItemProxy */;
		};
/* End PBXTargetDependency section */

/* Begin PBXVariantGroup section */
		F1EAC4B025DB472F00EF1529 /* LaunchScreen.storyboard */ = {
			isa = PBXVariantGroup;
			children = (
				F1EAC4B125DB472F00EF1529 /* Base */,
			);
			name = LaunchScreen.storyboard;
			sourceTree = "<group>";
		};
		F1EAC4B225DB472F00EF1529 /* Main.storyboard */ = {
			isa = PBXVariantGroup;
			children = (
				F1EAC4B325DB472F00EF1529 /* Base */,
			);
			name = Main.storyboard;
			sourceTree = "<group>";
		};
/* End PBXVariantGroup section */

/* Begin XCBuildConfiguration section */
		A98B58FD2119A9B500494A0F /* Debug */ = {
			isa = XCBuildConfiguration;
			buildSettings = {
				ALWAYS_SEARCH_USER_PATHS = NO;
				CLANG_ANALYZER_NONNULL = YES;
				CLANG_ANALYZER_NUMBER_OBJECT_CONVERSION = YES_AGGRESSIVE;
				CLANG_CXX_LANGUAGE_STANDARD = "gnu++14";
				CLANG_CXX_LIBRARY = "libc++";
				CLANG_ENABLE_MODULES = YES;
				CLANG_ENABLE_OBJC_ARC = YES;
				CLANG_ENABLE_OBJC_WEAK = YES;
				CLANG_WARN_BLOCK_CAPTURE_AUTORELEASING = YES;
				CLANG_WARN_BOOL_CONVERSION = YES;
				CLANG_WARN_COMMA = YES;
				CLANG_WARN_CONSTANT_CONVERSION = YES;
				CLANG_WARN_DEPRECATED_OBJC_IMPLEMENTATIONS = YES;
				CLANG_WARN_DIRECT_OBJC_ISA_USAGE = YES_ERROR;
				CLANG_WARN_DOCUMENTATION_COMMENTS = YES;
				CLANG_WARN_EMPTY_BODY = YES;
				CLANG_WARN_ENUM_CONVERSION = YES;
				CLANG_WARN_INFINITE_RECURSION = YES;
				CLANG_WARN_INT_CONVERSION = YES;
				CLANG_WARN_NON_LITERAL_NULL_CONVERSION = YES;
				CLANG_WARN_OBJC_IMPLICIT_RETAIN_SELF = YES;
				CLANG_WARN_OBJC_LITERAL_CONVERSION = YES;
				CLANG_WARN_OBJC_ROOT_CLASS = YES_ERROR;
				CLANG_WARN_RANGE_LOOP_ANALYSIS = YES;
				CLANG_WARN_STRICT_PROTOTYPES = YES;
				CLANG_WARN_SUSPICIOUS_MOVE = YES;
				CLANG_WARN_UNGUARDED_AVAILABILITY = YES_AGGRESSIVE;
				CLANG_WARN_UNREACHABLE_CODE = YES;
				CLANG_WARN__DUPLICATE_METHOD_MATCH = YES;
				CODE_SIGN_IDENTITY = "iPhone Developer";
				COPY_PHASE_STRIP = NO;
				DEBUG_INFORMATION_FORMAT = dwarf;
				ENABLE_STRICT_OBJC_MSGSEND = YES;
				ENABLE_TESTABILITY = YES;
				GCC_C_LANGUAGE_STANDARD = gnu11;
				GCC_DYNAMIC_NO_PIC = NO;
				GCC_NO_COMMON_BLOCKS = YES;
				GCC_OPTIMIZATION_LEVEL = 0;
				GCC_PREPROCESSOR_DEFINITIONS = (
					"DEBUG=1",
					"$(inherited)",
				);
				GCC_WARN_64_TO_32_BIT_CONVERSION = YES;
				GCC_WARN_ABOUT_RETURN_TYPE = YES_ERROR;
				GCC_WARN_UNDECLARED_SELECTOR = YES;
				GCC_WARN_UNINITIALIZED_AUTOS = YES_AGGRESSIVE;
				GCC_WARN_UNUSED_FUNCTION = YES;
				GCC_WARN_UNUSED_VARIABLE = YES;
				IPHONEOS_DEPLOYMENT_TARGET = 12.0;
				MTL_ENABLE_DEBUG_INFO = INCLUDE_SOURCE;
				ONLY_ACTIVE_ARCH = YES;
				SDKROOT = iphoneos;
				SWIFT_ACTIVE_COMPILATION_CONDITIONS = DEBUG;
				SWIFT_OPTIMIZATION_LEVEL = "-Onone";
			};
			name = Debug;
		};
		A98B58FE2119A9B500494A0F /* Release */ = {
			isa = XCBuildConfiguration;
			buildSettings = {
				ALWAYS_SEARCH_USER_PATHS = NO;
				CLANG_ANALYZER_NONNULL = YES;
				CLANG_ANALYZER_NUMBER_OBJECT_CONVERSION = YES_AGGRESSIVE;
				CLANG_CXX_LANGUAGE_STANDARD = "gnu++14";
				CLANG_CXX_LIBRARY = "libc++";
				CLANG_ENABLE_MODULES = YES;
				CLANG_ENABLE_OBJC_ARC = YES;
				CLANG_ENABLE_OBJC_WEAK = YES;
				CLANG_WARN_BLOCK_CAPTURE_AUTORELEASING = YES;
				CLANG_WARN_BOOL_CONVERSION = YES;
				CLANG_WARN_COMMA = YES;
				CLANG_WARN_CONSTANT_CONVERSION = YES;
				CLANG_WARN_DEPRECATED_OBJC_IMPLEMENTATIONS = YES;
				CLANG_WARN_DIRECT_OBJC_ISA_USAGE = YES_ERROR;
				CLANG_WARN_DOCUMENTATION_COMMENTS = YES;
				CLANG_WARN_EMPTY_BODY = YES;
				CLANG_WARN_ENUM_CONVERSION = YES;
				CLANG_WARN_INFINITE_RECURSION = YES;
				CLANG_WARN_INT_CONVERSION = YES;
				CLANG_WARN_NON_LITERAL_NULL_CONVERSION = YES;
				CLANG_WARN_OBJC_IMPLICIT_RETAIN_SELF = YES;
				CLANG_WARN_OBJC_LITERAL_CONVERSION = YES;
				CLANG_WARN_OBJC_ROOT_CLASS = YES_ERROR;
				CLANG_WARN_RANGE_LOOP_ANALYSIS = YES;
				CLANG_WARN_STRICT_PROTOTYPES = YES;
				CLANG_WARN_SUSPICIOUS_MOVE = YES;
				CLANG_WARN_UNGUARDED_AVAILABILITY = YES_AGGRESSIVE;
				CLANG_WARN_UNREACHABLE_CODE = YES;
				CLANG_WARN__DUPLICATE_METHOD_MATCH = YES;
				CODE_SIGN_IDENTITY = "iPhone Developer";
				COPY_PHASE_STRIP = NO;
				DEBUG_INFORMATION_FORMAT = "dwarf-with-dsym";
				ENABLE_NS_ASSERTIONS = NO;
				ENABLE_STRICT_OBJC_MSGSEND = YES;
				GCC_C_LANGUAGE_STANDARD = gnu11;
				GCC_NO_COMMON_BLOCKS = YES;
				GCC_WARN_64_TO_32_BIT_CONVERSION = YES;
				GCC_WARN_ABOUT_RETURN_TYPE = YES_ERROR;
				GCC_WARN_UNDECLARED_SELECTOR = YES;
				GCC_WARN_UNINITIALIZED_AUTOS = YES_AGGRESSIVE;
				GCC_WARN_UNUSED_FUNCTION = YES;
				GCC_WARN_UNUSED_VARIABLE = YES;
				IPHONEOS_DEPLOYMENT_TARGET = 12.0;
				MTL_ENABLE_DEBUG_INFO = NO;
				SDKROOT = iphoneos;
				SWIFT_COMPILATION_MODE = wholemodule;
				SWIFT_OPTIMIZATION_LEVEL = "-O";
				VALIDATE_PRODUCT = YES;
			};
			name = Release;
		};
		A98B59002119A9B500494A0F /* Debug */ = {
			isa = XCBuildConfiguration;
			buildSettings = {
				ASSETCATALOG_COMPILER_APPICON_NAME = AppIcon;
				CODE_SIGN_STYLE = Automatic;
				DEVELOPMENT_TEAM = 7VPLBJWZ44;
				INFOPLIST_FILE = "$(SRCROOT)/ShowOffAndPresent/Info.plist";
				IPHONEOS_DEPLOYMENT_TARGET = 11.0;
				LD_RUNPATH_SEARCH_PATHS = (
					"$(inherited)",
					"@executable_path/Frameworks",
				);
				PRODUCT_BUNDLE_IDENTIFIER = com.dinnuprannu.showOffandpresent;
				PRODUCT_NAME = "$(TARGET_NAME)";
				SWIFT_VERSION = 4.0;
				TARGETED_DEVICE_FAMILY = "1,2";
			};
			name = Debug;
		};
		A98B59012119A9B500494A0F /* Release */ = {
			isa = XCBuildConfiguration;
			buildSettings = {
				ASSETCATALOG_COMPILER_APPICON_NAME = AppIcon;
				CODE_SIGN_STYLE = Automatic;
				DEVELOPMENT_TEAM = 7VPLBJWZ44;
				INFOPLIST_FILE = "$(SRCROOT)/ShowOffAndPresent/Info.plist";
				IPHONEOS_DEPLOYMENT_TARGET = 11.0;
				LD_RUNPATH_SEARCH_PATHS = (
					"$(inherited)",
					"@executable_path/Frameworks",
				);
				PRODUCT_BUNDLE_IDENTIFIER = com.dinnuprannu.showOffandpresent;
				PRODUCT_NAME = "$(TARGET_NAME)";
				SWIFT_VERSION = 4.0;
				TARGETED_DEVICE_FAMILY = "1,2";
			};
			name = Release;
		};
		A98B59032119A9B500494A0F /* Debug */ = {
			isa = XCBuildConfiguration;
			buildSettings = {
				ALWAYS_EMBED_SWIFT_STANDARD_LIBRARIES = YES;
				BUNDLE_LOADER = "$(TEST_HOST)";
				CODE_SIGN_STYLE = Automatic;
				DEVELOPMENT_TEAM = 7VPLBJWZ44;
				INFOPLIST_FILE = ARProjectsRoadMap7thAugTests/Info.plist;
				LD_RUNPATH_SEARCH_PATHS = (
					"$(inherited)",
					"@executable_path/Frameworks",
					"@loader_path/Frameworks",
				);
				PRODUCT_BUNDLE_IDENTIFIER = com.rntbci.mcc.ARProjectsRoadMap7thAugTests;
				PRODUCT_NAME = "$(TARGET_NAME)";
				SWIFT_VERSION = 5.0;
				TARGETED_DEVICE_FAMILY = "1,2";
				TEST_HOST = "$(BUILT_PRODUCTS_DIR)/ShowOffAndPresent.app/ShowOffAndPresent";
			};
			name = Debug;
		};
		A98B59042119A9B500494A0F /* Release */ = {
			isa = XCBuildConfiguration;
			buildSettings = {
				ALWAYS_EMBED_SWIFT_STANDARD_LIBRARIES = YES;
				BUNDLE_LOADER = "$(TEST_HOST)";
				CODE_SIGN_STYLE = Automatic;
				DEVELOPMENT_TEAM = 7VPLBJWZ44;
				INFOPLIST_FILE = ARProjectsRoadMap7thAugTests/Info.plist;
				LD_RUNPATH_SEARCH_PATHS = (
					"$(inherited)",
					"@executable_path/Frameworks",
					"@loader_path/Frameworks",
				);
				PRODUCT_BUNDLE_IDENTIFIER = com.rntbci.mcc.ARProjectsRoadMap7thAugTests;
				PRODUCT_NAME = "$(TARGET_NAME)";
				SWIFT_VERSION = 5.0;
				TARGETED_DEVICE_FAMILY = "1,2";
				TEST_HOST = "$(BUILT_PRODUCTS_DIR)/ShowOffAndPresent.app/ShowOffAndPresent";
			};
			name = Release;
		};
/* End XCBuildConfiguration section */

/* Begin XCConfigurationList section */
		A98B58DB2119A9B300494A0F /* Build configuration list for PBXProject "ShowOffAndPresent" */ = {
			isa = XCConfigurationList;
			buildConfigurations = (
				A98B58FD2119A9B500494A0F /* Debug */,
				A98B58FE2119A9B500494A0F /* Release */,
			);
			defaultConfigurationIsVisible = 0;
			defaultConfigurationName = Release;
		};
		A98B58FF2119A9B500494A0F /* Build configuration list for PBXNativeTarget "ShowOffAndPresent" */ = {
			isa = XCConfigurationList;
			buildConfigurations = (
				A98B59002119A9B500494A0F /* Debug */,
				A98B59012119A9B500494A0F /* Release */,
			);
			defaultConfigurationIsVisible = 0;
			defaultConfigurationName = Release;
		};
		A98B59022119A9B500494A0F /* Build configuration list for PBXNativeTarget "ShowOffAndPresentTests" */ = {
			isa = XCConfigurationList;
			buildConfigurations = (
				A98B59032119A9B500494A0F /* Debug */,
				A98B59042119A9B500494A0F /* Release */,
			);
			defaultConfigurationIsVisible = 0;
			defaultConfigurationName = Release;
		};
/* End XCConfigurationList section */
	};
	rootObject = A98B58D82119A9B300494A0F /* Project object */;
}
